
Microsoft Visual Studio Solution File, Format Version 12.00
# Visual Studio 14
VisualStudioVersion = 14.0.25123.0
MinimumVisualStudioVersion = 10.0.40219.1
Project("{B8D008B7-2518-49FD-AE09-A11A8E20F90E}") = "Sitecore.Support.214025", "Sitecore.Support.214025\Sitecore.Support.214025.csproj", "{75A28EB0-33D5-4EC1-A9E5-E14085B63C6A}"
EndProject
Global
	GlobalSection(SolutionConfigurationPlatforms) = preSolution
		Debug|Any CPU = Debug|Any CPU
		Release|Any CPU = Release|Any CPU
	EndGlobalSection
	GlobalSection(ProjectConfigurationPlatforms) = postSolution
		{75A28EB0-33D5-4EC1-A9E5-E14085B63C6A}.Debug|Any CPU.ActiveCfg = Debug|Any CPU
		{75A28EB0-33D5-4EC1-A9E5-E14085B63C6A}.Debug|Any CPU.Build.0 = Debug|Any CPU
		{75A28EB0-33D5-4EC1-A9E5-E14085B63C6A}.Release|Any CPU.ActiveCfg = Release|Any CPU
		{75A28EB0-33D5-4EC1-A9E5-E14085B63C6A}.Release|Any CPU.Build.0 = Release|Any CPU
	EndGlobalSection
	GlobalSection(SolutionProperties) = preSolution
		HideSolutionNode = FALSE
	EndGlobalSection
EndGlobal
